// !$*UTF8*$!
{
	archiveVersion = 1;
	classes = {
	};
	objectVersion = 46;
	objects = {

/* Begin PBXBuildFile section */
		7B04697E1463FA4D00A728BA /* AFHTTPClient.m in Sources */ = {isa = PBXBuildFile; fileRef = 7B0469691463FA3400A728BA /* AFHTTPClient.m */; settings = {COMPILER_FLAGS = "-fno-objc-arc"; }; };
		7B0469801463FA4D00A728BA /* AFHTTPRequestOperation.m in Sources */ = {isa = PBXBuildFile; fileRef = 7B04696B1463FA3400A728BA /* AFHTTPRequestOperation.m */; settings = {COMPILER_FLAGS = "-fno-objc-arc"; }; };
		7B0469821463FA4D00A728BA /* AFImageCache.m in Sources */ = {isa = PBXBuildFile; fileRef = 7B04696D1463FA3400A728BA /* AFImageCache.m */; settings = {COMPILER_FLAGS = "-fno-objc-arc"; }; };
		7B0469841463FA4D00A728BA /* AFImageRequestOperation.m in Sources */ = {isa = PBXBuildFile; fileRef = 7B04696F1463FA3400A728BA /* AFImageRequestOperation.m */; settings = {COMPILER_FLAGS = "-fno-objc-arc"; }; };
		7B0469861463FA4D00A728BA /* AFJSONRequestOperation.m in Sources */ = {isa = PBXBuildFile; fileRef = 7B0469711463FA3400A728BA /* AFJSONRequestOperation.m */; settings = {COMPILER_FLAGS = "-fno-objc-arc"; }; };
		7B0469881463FA4D00A728BA /* AFNetworkActivityIndicatorManager.m in Sources */ = {isa = PBXBuildFile; fileRef = 7B0469731463FA3400A728BA /* AFNetworkActivityIndicatorManager.m */; settings = {COMPILER_FLAGS = "-fno-objc-arc"; }; };
		7B04698B1463FA4D00A728BA /* AFPropertyListRequestOperation.m in Sources */ = {isa = PBXBuildFile; fileRef = 7B0469761463FA3400A728BA /* AFPropertyListRequestOperation.m */; settings = {COMPILER_FLAGS = "-fno-objc-arc"; }; };
		7B04698D1463FA4D00A728BA /* AFURLConnectionOperation.m in Sources */ = {isa = PBXBuildFile; fileRef = 7B0469781463FA3400A728BA /* AFURLConnectionOperation.m */; settings = {COMPILER_FLAGS = "-fno-objc-arc"; }; };
		7B04698F1463FA4D00A728BA /* AFXMLRequestOperation.m in Sources */ = {isa = PBXBuildFile; fileRef = 7B04697A1463FA3400A728BA /* AFXMLRequestOperation.m */; settings = {COMPILER_FLAGS = "-fno-objc-arc"; }; };
		7B0469911463FA4D00A728BA /* UIImageView+AFNetworking.m in Sources */ = {isa = PBXBuildFile; fileRef = 7B04697C1463FA3400A728BA /* UIImageView+AFNetworking.m */; settings = {COMPILER_FLAGS = "-fno-objc-arc"; }; };
		7B04699F1464A6D900A728BA /* clean.css in Resources */ = {isa = PBXBuildFile; fileRef = 7B04699E1464A6D900A728BA /* clean.css */; };
		7B1189BA1478B94C00B09791 /* hnReader_log.txt in Resources */ = {isa = PBXBuildFile; fileRef = 7B1189B91478B94C00B09791 /* hnReader_log.txt */; };
		7B548D691463F3F900DE32EB /* UIKit.framework in Frameworks */ = {isa = PBXBuildFile; fileRef = 7B548D681463F3F900DE32EB /* UIKit.framework */; };
		7B548D6B1463F3F900DE32EB /* Foundation.framework in Frameworks */ = {isa = PBXBuildFile; fileRef = 7B548D6A1463F3F900DE32EB /* Foundation.framework */; };
		7B548D6D1463F3F900DE32EB /* CoreGraphics.framework in Frameworks */ = {isa = PBXBuildFile; fileRef = 7B548D6C1463F3F900DE32EB /* CoreGraphics.framework */; };
		7B548D731463F3F900DE32EB /* InfoPlist.strings in Resources */ = {isa = PBXBuildFile; fileRef = 7B548D711463F3F900DE32EB /* InfoPlist.strings */; };
		7B548D751463F3F900DE32EB /* main.m in Sources */ = {isa = PBXBuildFile; fileRef = 7B548D741463F3F900DE32EB /* main.m */; };
		7B548D791463F3F900DE32EB /* AppDelegate.m in Sources */ = {isa = PBXBuildFile; fileRef = 7B548D781463F3F900DE32EB /* AppDelegate.m */; };
		7B548D7C1463F3F900DE32EB /* MasterViewController.m in Sources */ = {isa = PBXBuildFile; fileRef = 7B548D7B1463F3F900DE32EB /* MasterViewController.m */; };
		7B548D7F1463F3F900DE32EB /* DetailViewController.m in Sources */ = {isa = PBXBuildFile; fileRef = 7B548D7E1463F3F900DE32EB /* DetailViewController.m */; };
		7B548D931463F3F900DE32EB /* SenTestingKit.framework in Frameworks */ = {isa = PBXBuildFile; fileRef = 7B548D921463F3F900DE32EB /* SenTestingKit.framework */; };
		7B548D941463F3F900DE32EB /* UIKit.framework in Frameworks */ = {isa = PBXBuildFile; fileRef = 7B548D681463F3F900DE32EB /* UIKit.framework */; };
		7B548D951463F3F900DE32EB /* Foundation.framework in Frameworks */ = {isa = PBXBuildFile; fileRef = 7B548D6A1463F3F900DE32EB /* Foundation.framework */; };
		7B548D9D1463F3F900DE32EB /* InfoPlist.strings in Resources */ = {isa = PBXBuildFile; fileRef = 7B548D9B1463F3F900DE32EB /* InfoPlist.strings */; };
		7B548DA01463F3F900DE32EB /* hackerNewsTests.m in Sources */ = {isa = PBXBuildFile; fileRef = 7B548D9F1463F3F900DE32EB /* hackerNewsTests.m */; };
		7B548DF81463F4C600DE32EB /* JSONKit.m in Sources */ = {isa = PBXBuildFile; fileRef = 7B548DE11463F4AF00DE32EB /* JSONKit.m */; settings = {COMPILER_FLAGS = "-fno-objc-arc"; }; };
		7B548DFB1463F56200DE32EB /* StoryFetcher.m in Sources */ = {isa = PBXBuildFile; fileRef = 7B548DFA1463F56200DE32EB /* StoryFetcher.m */; };
		7B548DFE1463F56F00DE32EB /* Story.m in Sources */ = {isa = PBXBuildFile; fileRef = 7B548DFD1463F56F00DE32EB /* Story.m */; };
		7BA0B024147C6C690013E4B6 /* HNReader.png in Resources */ = {isa = PBXBuildFile; fileRef = 7BA0B023147C6C680013E4B6 /* HNReader.png */; };
		7BA0B026147C7D860013E4B6 /* HNReader@2x.png in Resources */ = {isa = PBXBuildFile; fileRef = 7BA0B025147C7D860013E4B6 /* HNReader@2x.png */; };
		7BA14D7314B900E0002475D4 /* SDFooterButton.m in Sources */ = {isa = PBXBuildFile; fileRef = 7BA14D7214B900E0002475D4 /* SDFooterButton.m */; settings = {COMPILER_FLAGS = "-fno-objc-arc"; }; };
		7BA14D7914B90197002475D4 /* gray_button.png in Resources */ = {isa = PBXBuildFile; fileRef = 7BA14D7814B90197002475D4 /* gray_button.png */; };
		7BA14D7B14B90782002475D4 /* MessageUI.framework in Frameworks */ = {isa = PBXBuildFile; fileRef = 7BA14D7A14B90782002475D4 /* MessageUI.framework */; };
		7BA4E59E1464AF55004A1FE2 /* EGORefreshTableHeaderView.m in Sources */ = {isa = PBXBuildFile; fileRef = 7BA4E5941464AF55004A1FE2 /* EGORefreshTableHeaderView.m */; settings = {COMPILER_FLAGS = "-fno-objc-arc"; }; };
		7BA4E59F1464AF55004A1FE2 /* blackArrow.png in Resources */ = {isa = PBXBuildFile; fileRef = 7BA4E5961464AF55004A1FE2 /* blackArrow.png */; };
		7BA4E5A01464AF55004A1FE2 /* blackArrow@2x.png in Resources */ = {isa = PBXBuildFile; fileRef = 7BA4E5971464AF55004A1FE2 /* blackArrow@2x.png */; };
		7BA4E5A11464AF55004A1FE2 /* blueArrow.png in Resources */ = {isa = PBXBuildFile; fileRef = 7BA4E5981464AF55004A1FE2 /* blueArrow.png */; };
		7BA4E5A21464AF55004A1FE2 /* blueArrow@2x.png in Resources */ = {isa = PBXBuildFile; fileRef = 7BA4E5991464AF55004A1FE2 /* blueArrow@2x.png */; };
		7BA4E5A31464AF55004A1FE2 /* grayArrow.png in Resources */ = {isa = PBXBuildFile; fileRef = 7BA4E59A1464AF55004A1FE2 /* grayArrow.png */; };
		7BA4E5A41464AF55004A1FE2 /* grayArrow@2x.png in Resources */ = {isa = PBXBuildFile; fileRef = 7BA4E59B1464AF55004A1FE2 /* grayArrow@2x.png */; };
		7BA4E5A51464AF55004A1FE2 /* whiteArrow.png in Resources */ = {isa = PBXBuildFile; fileRef = 7BA4E59C1464AF55004A1FE2 /* whiteArrow.png */; };
		7BA4E5A61464AF55004A1FE2 /* whiteArrow@2x.png in Resources */ = {isa = PBXBuildFile; fileRef = 7BA4E59D1464AF55004A1FE2 /* whiteArrow@2x.png */; };
		7BA4E5AC1464B139004A1FE2 /* QuartzCore.framework in Frameworks */ = {isa = PBXBuildFile; fileRef = 7BA4E5AB1464B139004A1FE2 /* QuartzCore.framework */; };
		7BCC4207147A232F001F7A10 /* Comment.m in Sources */ = {isa = PBXBuildFile; fileRef = 7BCC4206147A232F001F7A10 /* Comment.m */; };
		7BCC420C147A243F001F7A10 /* CommentFetcher.m in Sources */ = {isa = PBXBuildFile; fileRef = 7BCC420B147A243F001F7A10 /* CommentFetcher.m */; };
		7BCC4211147A2F9D001F7A10 /* CommentViewController.m in Sources */ = {isa = PBXBuildFile; fileRef = 7BCC4210147A2F9D001F7A10 /* CommentViewController.m */; };
		7BD039C414902DFC00115C4D /* Twitter.framework in Frameworks */ = {isa = PBXBuildFile; fileRef = 7BD039C314902DFB00115C4D /* Twitter.framework */; };
		7BD039C71490311800115C4D /* Accounts.framework in Frameworks */ = {isa = PBXBuildFile; fileRef = 7BD039C61490311800115C4D /* Accounts.framework */; };
/* End PBXBuildFile section */

/* Begin PBXContainerItemProxy section */
		7B548D961463F3F900DE32EB /* PBXContainerItemProxy */ = {
			isa = PBXContainerItemProxy;
			containerPortal = 7B548D5B1463F3F900DE32EB /* Project object */;
			proxyType = 1;
			remoteGlobalIDString = 7B548D631463F3F900DE32EB;
			remoteInfo = hackerNews;
		};
/* End PBXContainerItemProxy section */

/* Begin PBXFileReference section */
		7B0469681463FA3400A728BA /* AFHTTPClient.h */ = {isa = PBXFileReference; lastKnownFileType = sourcecode.c.h; path = AFHTTPClient.h; sourceTree = "<group>"; };
		7B0469691463FA3400A728BA /* AFHTTPClient.m */ = {isa = PBXFileReference; lastKnownFileType = sourcecode.c.objc; path = AFHTTPClient.m; sourceTree = "<group>"; };
		7B04696A1463FA3400A728BA /* AFHTTPRequestOperation.h */ = {isa = PBXFileReference; lastKnownFileType = sourcecode.c.h; path = AFHTTPRequestOperation.h; sourceTree = "<group>"; };
		7B04696B1463FA3400A728BA /* AFHTTPRequestOperation.m */ = {isa = PBXFileReference; lastKnownFileType = sourcecode.c.objc; path = AFHTTPRequestOperation.m; sourceTree = "<group>"; };
		7B04696C1463FA3400A728BA /* AFImageCache.h */ = {isa = PBXFileReference; lastKnownFileType = sourcecode.c.h; path = AFImageCache.h; sourceTree = "<group>"; };
		7B04696D1463FA3400A728BA /* AFImageCache.m */ = {isa = PBXFileReference; lastKnownFileType = sourcecode.c.objc; path = AFImageCache.m; sourceTree = "<group>"; };
		7B04696E1463FA3400A728BA /* AFImageRequestOperation.h */ = {isa = PBXFileReference; lastKnownFileType = sourcecode.c.h; path = AFImageRequestOperation.h; sourceTree = "<group>"; };
		7B04696F1463FA3400A728BA /* AFImageRequestOperation.m */ = {isa = PBXFileReference; lastKnownFileType = sourcecode.c.objc; path = AFImageRequestOperation.m; sourceTree = "<group>"; };
		7B0469701463FA3400A728BA /* AFJSONRequestOperation.h */ = {isa = PBXFileReference; lastKnownFileType = sourcecode.c.h; path = AFJSONRequestOperation.h; sourceTree = "<group>"; };
		7B0469711463FA3400A728BA /* AFJSONRequestOperation.m */ = {isa = PBXFileReference; lastKnownFileType = sourcecode.c.objc; path = AFJSONRequestOperation.m; sourceTree = "<group>"; };
		7B0469721463FA3400A728BA /* AFNetworkActivityIndicatorManager.h */ = {isa = PBXFileReference; lastKnownFileType = sourcecode.c.h; path = AFNetworkActivityIndicatorManager.h; sourceTree = "<group>"; };
		7B0469731463FA3400A728BA /* AFNetworkActivityIndicatorManager.m */ = {isa = PBXFileReference; lastKnownFileType = sourcecode.c.objc; path = AFNetworkActivityIndicatorManager.m; sourceTree = "<group>"; };
		7B0469741463FA3400A728BA /* AFNetworking.h */ = {isa = PBXFileReference; lastKnownFileType = sourcecode.c.h; path = AFNetworking.h; sourceTree = "<group>"; };
		7B0469751463FA3400A728BA /* AFPropertyListRequestOperation.h */ = {isa = PBXFileReference; lastKnownFileType = sourcecode.c.h; path = AFPropertyListRequestOperation.h; sourceTree = "<group>"; };
		7B0469761463FA3400A728BA /* AFPropertyListRequestOperation.m */ = {isa = PBXFileReference; lastKnownFileType = sourcecode.c.objc; path = AFPropertyListRequestOperation.m; sourceTree = "<group>"; };
		7B0469771463FA3400A728BA /* AFURLConnectionOperation.h */ = {isa = PBXFileReference; lastKnownFileType = sourcecode.c.h; path = AFURLConnectionOperation.h; sourceTree = "<group>"; };
		7B0469781463FA3400A728BA /* AFURLConnectionOperation.m */ = {isa = PBXFileReference; lastKnownFileType = sourcecode.c.objc; path = AFURLConnectionOperation.m; sourceTree = "<group>"; };
		7B0469791463FA3400A728BA /* AFXMLRequestOperation.h */ = {isa = PBXFileReference; lastKnownFileType = sourcecode.c.h; path = AFXMLRequestOperation.h; sourceTree = "<group>"; };
		7B04697A1463FA3400A728BA /* AFXMLRequestOperation.m */ = {isa = PBXFileReference; lastKnownFileType = sourcecode.c.objc; path = AFXMLRequestOperation.m; sourceTree = "<group>"; };
		7B04697B1463FA3400A728BA /* UIImageView+AFNetworking.h */ = {isa = PBXFileReference; lastKnownFileType = sourcecode.c.h; path = "UIImageView+AFNetworking.h"; sourceTree = "<group>"; };
		7B04697C1463FA3400A728BA /* UIImageView+AFNetworking.m */ = {isa = PBXFileReference; lastKnownFileType = sourcecode.c.objc; path = "UIImageView+AFNetworking.m"; sourceTree = "<group>"; };
		7B04699E1464A6D900A728BA /* clean.css */ = {isa = PBXFileReference; fileEncoding = 4; lastKnownFileType = text.css; path = clean.css; sourceTree = "<group>"; };
		7B1189B91478B94C00B09791 /* hnReader_log.txt */ = {isa = PBXFileReference; fileEncoding = 4; lastKnownFileType = text; name = hnReader_log.txt; path = hackerNews/hnReader_log.txt; sourceTree = "<group>"; };
		7B548D641463F3F900DE32EB /* hackerNews.app */ = {isa = PBXFileReference; explicitFileType = wrapper.application; includeInIndex = 0; path = hackerNews.app; sourceTree = BUILT_PRODUCTS_DIR; };
		7B548D681463F3F900DE32EB /* UIKit.framework */ = {isa = PBXFileReference; lastKnownFileType = wrapper.framework; name = UIKit.framework; path = System/Library/Frameworks/UIKit.framework; sourceTree = SDKROOT; };
		7B548D6A1463F3F900DE32EB /* Foundation.framework */ = {isa = PBXFileReference; lastKnownFileType = wrapper.framework; name = Foundation.framework; path = System/Library/Frameworks/Foundation.framework; sourceTree = SDKROOT; };
		7B548D6C1463F3F900DE32EB /* CoreGraphics.framework */ = {isa = PBXFileReference; lastKnownFileType = wrapper.framework; name = CoreGraphics.framework; path = System/Library/Frameworks/CoreGraphics.framework; sourceTree = SDKROOT; };
		7B548D701463F3F900DE32EB /* hackerNews-Info.plist */ = {isa = PBXFileReference; lastKnownFileType = text.plist.xml; path = "hackerNews-Info.plist"; sourceTree = "<group>"; };
		7B548D721463F3F900DE32EB /* en */ = {isa = PBXFileReference; lastKnownFileType = text.plist.strings; name = en; path = en.lproj/InfoPlist.strings; sourceTree = "<group>"; };
		7B548D741463F3F900DE32EB /* main.m */ = {isa = PBXFileReference; lastKnownFileType = sourcecode.c.objc; path = main.m; sourceTree = "<group>"; };
		7B548D761463F3F900DE32EB /* hackerNews-Prefix.pch */ = {isa = PBXFileReference; lastKnownFileType = sourcecode.c.h; path = "hackerNews-Prefix.pch"; sourceTree = "<group>"; };
		7B548D771463F3F900DE32EB /* AppDelegate.h */ = {isa = PBXFileReference; lastKnownFileType = sourcecode.c.h; path = AppDelegate.h; sourceTree = "<group>"; };
		7B548D781463F3F900DE32EB /* AppDelegate.m */ = {isa = PBXFileReference; lastKnownFileType = sourcecode.c.objc; path = AppDelegate.m; sourceTree = "<group>"; };
		7B548D7A1463F3F900DE32EB /* MasterViewController.h */ = {isa = PBXFileReference; lastKnownFileType = sourcecode.c.h; path = MasterViewController.h; sourceTree = "<group>"; };
		7B548D7B1463F3F900DE32EB /* MasterViewController.m */ = {isa = PBXFileReference; lastKnownFileType = sourcecode.c.objc; path = MasterViewController.m; sourceTree = "<group>"; };
		7B548D7D1463F3F900DE32EB /* DetailViewController.h */ = {isa = PBXFileReference; lastKnownFileType = sourcecode.c.h; path = DetailViewController.h; sourceTree = "<group>"; };
		7B548D7E1463F3F900DE32EB /* DetailViewController.m */ = {isa = PBXFileReference; lastKnownFileType = sourcecode.c.objc; path = DetailViewController.m; sourceTree = "<group>"; };
		7B548D911463F3F900DE32EB /* hackerNewsTests.octest */ = {isa = PBXFileReference; explicitFileType = wrapper.cfbundle; includeInIndex = 0; path = hackerNewsTests.octest; sourceTree = BUILT_PRODUCTS_DIR; };
		7B548D921463F3F900DE32EB /* SenTestingKit.framework */ = {isa = PBXFileReference; lastKnownFileType = wrapper.framework; name = SenTestingKit.framework; path = Library/Frameworks/SenTestingKit.framework; sourceTree = DEVELOPER_DIR; };
		7B548D9A1463F3F900DE32EB /* hackerNewsTests-Info.plist */ = {isa = PBXFileReference; lastKnownFileType = text.plist.xml; path = "hackerNewsTests-Info.plist"; sourceTree = "<group>"; };
		7B548D9C1463F3F900DE32EB /* en */ = {isa = PBXFileReference; lastKnownFileType = text.plist.strings; name = en; path = en.lproj/InfoPlist.strings; sourceTree = "<group>"; };
		7B548D9E1463F3F900DE32EB /* hackerNewsTests.h */ = {isa = PBXFileReference; lastKnownFileType = sourcecode.c.h; path = hackerNewsTests.h; sourceTree = "<group>"; };
		7B548D9F1463F3F900DE32EB /* hackerNewsTests.m */ = {isa = PBXFileReference; lastKnownFileType = sourcecode.c.objc; path = hackerNewsTests.m; sourceTree = "<group>"; };
		7B548DE01463F4AF00DE32EB /* JSONKit.h */ = {isa = PBXFileReference; lastKnownFileType = sourcecode.c.h; path = JSONKit.h; sourceTree = "<group>"; };
		7B548DE11463F4AF00DE32EB /* JSONKit.m */ = {isa = PBXFileReference; lastKnownFileType = sourcecode.c.objc; path = JSONKit.m; sourceTree = "<group>"; };
		7B548DF91463F56200DE32EB /* StoryFetcher.h */ = {isa = PBXFileReference; fileEncoding = 4; lastKnownFileType = sourcecode.c.h; path = StoryFetcher.h; sourceTree = "<group>"; };
		7B548DFA1463F56200DE32EB /* StoryFetcher.m */ = {isa = PBXFileReference; fileEncoding = 4; lastKnownFileType = sourcecode.c.objc; path = StoryFetcher.m; sourceTree = "<group>"; };
		7B548DFC1463F56F00DE32EB /* Story.h */ = {isa = PBXFileReference; fileEncoding = 4; lastKnownFileType = sourcecode.c.h; path = Story.h; sourceTree = "<group>"; };
		7B548DFD1463F56F00DE32EB /* Story.m */ = {isa = PBXFileReference; fileEncoding = 4; lastKnownFileType = sourcecode.c.objc; path = Story.m; sourceTree = "<group>"; };
		7BA0B023147C6C680013E4B6 /* HNReader.png */ = {isa = PBXFileReference; lastKnownFileType = image.png; path = HNReader.png; sourceTree = "<group>"; };
		7BA0B025147C7D860013E4B6 /* HNReader@2x.png */ = {isa = PBXFileReference; lastKnownFileType = image.png; path = "HNReader@2x.png"; sourceTree = "<group>"; };
		7BA14D7114B900E0002475D4 /* SDFooterButton.h */ = {isa = PBXFileReference; fileEncoding = 4; lastKnownFileType = sourcecode.c.h; name = SDFooterButton.h; path = ../SDFooterButton.h; sourceTree = "<group>"; };
		7BA14D7214B900E0002475D4 /* SDFooterButton.m */ = {isa = PBXFileReference; fileEncoding = 4; lastKnownFileType = sourcecode.c.objc; name = SDFooterButton.m; path = ../SDFooterButton.m; sourceTree = "<group>"; };
		7BA14D7814B90197002475D4 /* gray_button.png */ = {isa = PBXFileReference; lastKnownFileType = image.png; path = gray_button.png; sourceTree = "<group>"; };
		7BA14D7A14B90782002475D4 /* MessageUI.framework */ = {isa = PBXFileReference; lastKnownFileType = wrapper.framework; name = MessageUI.framework; path = System/Library/Frameworks/MessageUI.framework; sourceTree = SDKROOT; };
		7BA4E5931464AF55004A1FE2 /* EGORefreshTableHeaderView.h */ = {isa = PBXFileReference; fileEncoding = 4; lastKnownFileType = sourcecode.c.h; path = EGORefreshTableHeaderView.h; sourceTree = "<group>"; };
		7BA4E5941464AF55004A1FE2 /* EGORefreshTableHeaderView.m */ = {isa = PBXFileReference; fileEncoding = 4; lastKnownFileType = sourcecode.c.objc; path = EGORefreshTableHeaderView.m; sourceTree = "<group>"; };
		7BA4E5961464AF55004A1FE2 /* blackArrow.png */ = {isa = PBXFileReference; lastKnownFileType = image.png; path = blackArrow.png; sourceTree = "<group>"; };
		7BA4E5971464AF55004A1FE2 /* blackArrow@2x.png */ = {isa = PBXFileReference; lastKnownFileType = image.png; path = "blackArrow@2x.png"; sourceTree = "<group>"; };
		7BA4E5981464AF55004A1FE2 /* blueArrow.png */ = {isa = PBXFileReference; lastKnownFileType = image.png; path = blueArrow.png; sourceTree = "<group>"; };
		7BA4E5991464AF55004A1FE2 /* blueArrow@2x.png */ = {isa = PBXFileReference; lastKnownFileType = image.png; path = "blueArrow@2x.png"; sourceTree = "<group>"; };
		7BA4E59A1464AF55004A1FE2 /* grayArrow.png */ = {isa = PBXFileReference; lastKnownFileType = image.png; path = grayArrow.png; sourceTree = "<group>"; };
		7BA4E59B1464AF55004A1FE2 /* grayArrow@2x.png */ = {isa = PBXFileReference; lastKnownFileType = image.png; path = "grayArrow@2x.png"; sourceTree = "<group>"; };
		7BA4E59C1464AF55004A1FE2 /* whiteArrow.png */ = {isa = PBXFileReference; lastKnownFileType = image.png; path = whiteArrow.png; sourceTree = "<group>"; };
		7BA4E59D1464AF55004A1FE2 /* whiteArrow@2x.png */ = {isa = PBXFileReference; lastKnownFileType = image.png; path = "whiteArrow@2x.png"; sourceTree = "<group>"; };
		7BA4E5AB1464B139004A1FE2 /* QuartzCore.framework */ = {isa = PBXFileReference; lastKnownFileType = wrapper.framework; name = QuartzCore.framework; path = System/Library/Frameworks/QuartzCore.framework; sourceTree = SDKROOT; };
		7BCC4205147A232F001F7A10 /* Comment.h */ = {isa = PBXFileReference; fileEncoding = 4; lastKnownFileType = sourcecode.c.h; path = Comment.h; sourceTree = "<group>"; };
		7BCC4206147A232F001F7A10 /* Comment.m */ = {isa = PBXFileReference; fileEncoding = 4; lastKnownFileType = sourcecode.c.objc; path = Comment.m; sourceTree = "<group>"; };
		7BCC420A147A243F001F7A10 /* CommentFetcher.h */ = {isa = PBXFileReference; fileEncoding = 4; lastKnownFileType = sourcecode.c.h; path = CommentFetcher.h; sourceTree = "<group>"; };
		7BCC420B147A243F001F7A10 /* CommentFetcher.m */ = {isa = PBXFileReference; fileEncoding = 4; lastKnownFileType = sourcecode.c.objc; path = CommentFetcher.m; sourceTree = "<group>"; };
		7BCC420F147A2F9D001F7A10 /* CommentViewController.h */ = {isa = PBXFileReference; fileEncoding = 4; lastKnownFileType = sourcecode.c.h; path = CommentViewController.h; sourceTree = "<group>"; };
		7BCC4210147A2F9D001F7A10 /* CommentViewController.m */ = {isa = PBXFileReference; fileEncoding = 4; lastKnownFileType = sourcecode.c.objc; path = CommentViewController.m; sourceTree = "<group>"; };
		7BD039C314902DFB00115C4D /* Twitter.framework */ = {isa = PBXFileReference; lastKnownFileType = wrapper.framework; name = Twitter.framework; path = System/Library/Frameworks/Twitter.framework; sourceTree = SDKROOT; };
		7BD039C61490311800115C4D /* Accounts.framework */ = {isa = PBXFileReference; lastKnownFileType = wrapper.framework; name = Accounts.framework; path = System/Library/Frameworks/Accounts.framework; sourceTree = SDKROOT; };
/* End PBXFileReference section */

/* Begin PBXFrameworksBuildPhase section */
		7B548D611463F3F900DE32EB /* Frameworks */ = {
			isa = PBXFrameworksBuildPhase;
			buildActionMask = 2147483647;
			files = (
				7BA14D7B14B90782002475D4 /* MessageUI.framework in Frameworks */,
				7BD039C71490311800115C4D /* Accounts.framework in Frameworks */,
				7BD039C414902DFC00115C4D /* Twitter.framework in Frameworks */,
				7BA4E5AC1464B139004A1FE2 /* QuartzCore.framework in Frameworks */,
				7B548D691463F3F900DE32EB /* UIKit.framework in Frameworks */,
				7B548D6B1463F3F900DE32EB /* Foundation.framework in Frameworks */,
				7B548D6D1463F3F900DE32EB /* CoreGraphics.framework in Frameworks */,
			);
			runOnlyForDeploymentPostprocessing = 0;
		};
		7B548D8D1463F3F900DE32EB /* Frameworks */ = {
			isa = PBXFrameworksBuildPhase;
			buildActionMask = 2147483647;
			files = (
				7B548D931463F3F900DE32EB /* SenTestingKit.framework in Frameworks */,
				7B548D941463F3F900DE32EB /* UIKit.framework in Frameworks */,
				7B548D951463F3F900DE32EB /* Foundation.framework in Frameworks */,
			);
			runOnlyForDeploymentPostprocessing = 0;
		};
/* End PBXFrameworksBuildPhase section */

/* Begin PBXGroup section */
		7B0469671463FA3400A728BA /* AFNetworking */ = {
			isa = PBXGroup;
			children = (
				7B0469681463FA3400A728BA /* AFHTTPClient.h */,
				7B0469691463FA3400A728BA /* AFHTTPClient.m */,
				7B04696A1463FA3400A728BA /* AFHTTPRequestOperation.h */,
				7B04696B1463FA3400A728BA /* AFHTTPRequestOperation.m */,
				7B04696C1463FA3400A728BA /* AFImageCache.h */,
				7B04696D1463FA3400A728BA /* AFImageCache.m */,
				7B04696E1463FA3400A728BA /* AFImageRequestOperation.h */,
				7B04696F1463FA3400A728BA /* AFImageRequestOperation.m */,
				7B0469701463FA3400A728BA /* AFJSONRequestOperation.h */,
				7B0469711463FA3400A728BA /* AFJSONRequestOperation.m */,
				7B0469721463FA3400A728BA /* AFNetworkActivityIndicatorManager.h */,
				7B0469731463FA3400A728BA /* AFNetworkActivityIndicatorManager.m */,
				7B0469741463FA3400A728BA /* AFNetworking.h */,
				7B0469751463FA3400A728BA /* AFPropertyListRequestOperation.h */,
				7B0469761463FA3400A728BA /* AFPropertyListRequestOperation.m */,
				7B0469771463FA3400A728BA /* AFURLConnectionOperation.h */,
				7B0469781463FA3400A728BA /* AFURLConnectionOperation.m */,
				7B0469791463FA3400A728BA /* AFXMLRequestOperation.h */,
				7B04697A1463FA3400A728BA /* AFXMLRequestOperation.m */,
				7B04697B1463FA3400A728BA /* UIImageView+AFNetworking.h */,
				7B04697C1463FA3400A728BA /* UIImageView+AFNetworking.m */,
			);
			name = AFNetworking;
			path = hackerNews/Frameworks/AFNetworking;
			sourceTree = "<group>";
		};
		7B1189B81478A54F00B09791 /* Views */ = {
			isa = PBXGroup;
			children = (
				7BA14D7114B900E0002475D4 /* SDFooterButton.h */,
				7BA14D7214B900E0002475D4 /* SDFooterButton.m */,
			);
			name = Views;
			sourceTree = "<group>";
		};
		7B548D591463F3F900DE32EB = {
			isa = PBXGroup;
			children = (
				7B1189B91478B94C00B09791 /* hnReader_log.txt */,
				7B548D6E1463F3F900DE32EB /* hackerNews */,
				7B548D981463F3F900DE32EB /* hackerNewsTests */,
				7B548D671463F3F900DE32EB /* Frameworks */,
				7B548D651463F3F900DE32EB /* Products */,
			);
			sourceTree = "<group>";
		};
		7B548D651463F3F900DE32EB /* Products */ = {
			isa = PBXGroup;
			children = (
				7B548D641463F3F900DE32EB /* hackerNews.app */,
				7B548D911463F3F900DE32EB /* hackerNewsTests.octest */,
			);
			name = Products;
			sourceTree = "<group>";
		};
		7B548D671463F3F900DE32EB /* Frameworks */ = {
			isa = PBXGroup;
			children = (
				7BA14D7A14B90782002475D4 /* MessageUI.framework */,
				7BD039C61490311800115C4D /* Accounts.framework */,
				7BD039C314902DFB00115C4D /* Twitter.framework */,
				7BA4E5AB1464B139004A1FE2 /* QuartzCore.framework */,
				7BA4E5901464AF55004A1FE2 /* EGOTableViewPullRefresh */,
				7B0469671463FA3400A728BA /* AFNetworking */,
				7B548DDF1463F4AF00DE32EB /* JSONKit */,
				7B548D681463F3F900DE32EB /* UIKit.framework */,
				7B548D6A1463F3F900DE32EB /* Foundation.framework */,
				7B548D6C1463F3F900DE32EB /* CoreGraphics.framework */,
				7B548D921463F3F900DE32EB /* SenTestingKit.framework */,
			);
			name = Frameworks;
			sourceTree = "<group>";
		};
		7B548D6E1463F3F900DE32EB /* hackerNews */ = {
			isa = PBXGroup;
			children = (
				7B548D771463F3F900DE32EB /* AppDelegate.h */,
				7B548D781463F3F900DE32EB /* AppDelegate.m */,
				7BCC4208147A2334001F7A10 /* Model */,
				7B1189B81478A54F00B09791 /* Views */,
				7BCC4209147A2347001F7A10 /* Controller */,
				7B548D6F1463F3F900DE32EB /* Supporting Files */,
			);
			path = hackerNews;
			sourceTree = "<group>";
		};
		7B548D6F1463F3F900DE32EB /* Supporting Files */ = {
			isa = PBXGroup;
			children = (
				7BA14D7814B90197002475D4 /* gray_button.png */,
				7BA0B025147C7D860013E4B6 /* HNReader@2x.png */,
				7BA0B023147C6C680013E4B6 /* HNReader.png */,
				7B04699E1464A6D900A728BA /* clean.css */,
				7B548D701463F3F900DE32EB /* hackerNews-Info.plist */,
				7B548D711463F3F900DE32EB /* InfoPlist.strings */,
				7B548D741463F3F900DE32EB /* main.m */,
				7B548D761463F3F900DE32EB /* hackerNews-Prefix.pch */,
			);
			name = "Supporting Files";
			sourceTree = "<group>";
		};
		7B548D981463F3F900DE32EB /* hackerNewsTests */ = {
			isa = PBXGroup;
			children = (
				7B548D9E1463F3F900DE32EB /* hackerNewsTests.h */,
				7B548D9F1463F3F900DE32EB /* hackerNewsTests.m */,
				7B548D991463F3F900DE32EB /* Supporting Files */,
			);
			path = hackerNewsTests;
			sourceTree = "<group>";
		};
		7B548D991463F3F900DE32EB /* Supporting Files */ = {
			isa = PBXGroup;
			children = (
				7B548D9A1463F3F900DE32EB /* hackerNewsTests-Info.plist */,
				7B548D9B1463F3F900DE32EB /* InfoPlist.strings */,
			);
			name = "Supporting Files";
			sourceTree = "<group>";
		};
		7B548DDF1463F4AF00DE32EB /* JSONKit */ = {
			isa = PBXGroup;
			children = (
				7B548DE01463F4AF00DE32EB /* JSONKit.h */,
				7B548DE11463F4AF00DE32EB /* JSONKit.m */,
			);
			name = JSONKit;
			path = hackerNews/Frameworks/JSONKit;
			sourceTree = "<group>";
		};
		7BA4E5901464AF55004A1FE2 /* EGOTableViewPullRefresh */ = {
			isa = PBXGroup;
			children = (
				7BA4E5911464AF55004A1FE2 /* Classes */,
				7BA4E5951464AF55004A1FE2 /* Resources */,
			);
			path = EGOTableViewPullRefresh;
			sourceTree = "<group>";
		};
		7BA4E5911464AF55004A1FE2 /* Classes */ = {
			isa = PBXGroup;
			children = (
				7BA4E5921464AF55004A1FE2 /* View */,
			);
			path = Classes;
			sourceTree = "<group>";
		};
		7BA4E5921464AF55004A1FE2 /* View */ = {
			isa = PBXGroup;
			children = (
				7BA4E5931464AF55004A1FE2 /* EGORefreshTableHeaderView.h */,
				7BA4E5941464AF55004A1FE2 /* EGORefreshTableHeaderView.m */,
			);
			path = View;
			sourceTree = "<group>";
		};
		7BA4E5951464AF55004A1FE2 /* Resources */ = {
			isa = PBXGroup;
			children = (
				7BA4E5961464AF55004A1FE2 /* blackArrow.png */,
				7BA4E5971464AF55004A1FE2 /* blackArrow@2x.png */,
				7BA4E5981464AF55004A1FE2 /* blueArrow.png */,
				7BA4E5991464AF55004A1FE2 /* blueArrow@2x.png */,
				7BA4E59A1464AF55004A1FE2 /* grayArrow.png */,
				7BA4E59B1464AF55004A1FE2 /* grayArrow@2x.png */,
				7BA4E59C1464AF55004A1FE2 /* whiteArrow.png */,
				7BA4E59D1464AF55004A1FE2 /* whiteArrow@2x.png */,
			);
			path = Resources;
			sourceTree = "<group>";
		};
		7BCC4208147A2334001F7A10 /* Model */ = {
			isa = PBXGroup;
			children = (
				7B548DFC1463F56F00DE32EB /* Story.h */,
				7B548DFD1463F56F00DE32EB /* Story.m */,
				7BCC4205147A232F001F7A10 /* Comment.h */,
				7BCC4206147A232F001F7A10 /* Comment.m */,
			);
			name = Model;
			sourceTree = "<group>";
		};
		7BCC4209147A2347001F7A10 /* Controller */ = {
			isa = PBXGroup;
			children = (
				7BCC420E147A245A001F7A10 /* ViewControllers */,
				7BCC420D147A2446001F7A10 /* DataFetchers */,
			);
			name = Controller;
			sourceTree = "<group>";
		};
		7BCC420D147A2446001F7A10 /* DataFetchers */ = {
			isa = PBXGroup;
			children = (
				7BCC420A147A243F001F7A10 /* CommentFetcher.h */,
				7BCC420B147A243F001F7A10 /* CommentFetcher.m */,
				7B548DF91463F56200DE32EB /* StoryFetcher.h */,
				7B548DFA1463F56200DE32EB /* StoryFetcher.m */,
			);
			name = DataFetchers;
			sourceTree = "<group>";
		};
		7BCC420E147A245A001F7A10 /* ViewControllers */ = {
			isa = PBXGroup;
			children = (
				7B548D7A1463F3F900DE32EB /* MasterViewController.h */,
				7B548D7B1463F3F900DE32EB /* MasterViewController.m */,
				7B548D7D1463F3F900DE32EB /* DetailViewController.h */,
				7B548D7E1463F3F900DE32EB /* DetailViewController.m */,
				7BCC420F147A2F9D001F7A10 /* CommentViewController.h */,
				7BCC4210147A2F9D001F7A10 /* CommentViewController.m */,
			);
			name = ViewControllers;
			sourceTree = "<group>";
		};
/* End PBXGroup section */

/* Begin PBXNativeTarget section */
		7B548D631463F3F900DE32EB /* hackerNews */ = {
			isa = PBXNativeTarget;
			buildConfigurationList = 7B548DA31463F3F900DE32EB /* Build configuration list for PBXNativeTarget "hackerNews" */;
			buildPhases = (
				7B548D601463F3F900DE32EB /* Sources */,
				7B548D611463F3F900DE32EB /* Frameworks */,
				7B548D621463F3F900DE32EB /* Resources */,
			);
			buildRules = (
			);
			dependencies = (
			);
			name = hackerNews;
			productName = hackerNews;
			productReference = 7B548D641463F3F900DE32EB /* hackerNews.app */;
			productType = "com.apple.product-type.application";
		};
		7B548D901463F3F900DE32EB /* hackerNewsTests */ = {
			isa = PBXNativeTarget;
			buildConfigurationList = 7B548DA61463F3F900DE32EB /* Build configuration list for PBXNativeTarget "hackerNewsTests" */;
			buildPhases = (
				7B548D8C1463F3F900DE32EB /* Sources */,
				7B548D8D1463F3F900DE32EB /* Frameworks */,
				7B548D8E1463F3F900DE32EB /* Resources */,
				7B548D8F1463F3F900DE32EB /* ShellScript */,
			);
			buildRules = (
			);
			dependencies = (
				7B548D971463F3F900DE32EB /* PBXTargetDependency */,
			);
			name = hackerNewsTests;
			productName = hackerNewsTests;
			productReference = 7B548D911463F3F900DE32EB /* hackerNewsTests.octest */;
			productType = "com.apple.product-type.bundle";
		};
/* End PBXNativeTarget section */

/* Begin PBXProject section */
		7B548D5B1463F3F900DE32EB /* Project object */ = {
			isa = PBXProject;
			attributes = {
				LastUpgradeCheck = 0420;
				ORGANIZATIONNAME = "Bixby Apps";
			};
			buildConfigurationList = 7B548D5E1463F3F900DE32EB /* Build configuration list for PBXProject "hackerNews" */;
			compatibilityVersion = "Xcode 3.2";
			developmentRegion = English;
			hasScannedForEncodings = 0;
			knownRegions = (
				en,
			);
			mainGroup = 7B548D591463F3F900DE32EB;
			productRefGroup = 7B548D651463F3F900DE32EB /* Products */;
			projectDirPath = "";
			projectRoot = "";
			targets = (
				7B548D631463F3F900DE32EB /* hackerNews */,
				7B548D901463F3F900DE32EB /* hackerNewsTests */,
			);
		};
/* End PBXProject section */

/* Begin PBXResourcesBuildPhase section */
		7B548D621463F3F900DE32EB /* Resources */ = {
			isa = PBXResourcesBuildPhase;
			buildActionMask = 2147483647;
			files = (
				7B548D731463F3F900DE32EB /* InfoPlist.strings in Resources */,
				7B04699F1464A6D900A728BA /* clean.css in Resources */,
				7BA4E59F1464AF55004A1FE2 /* blackArrow.png in Resources */,
				7BA4E5A01464AF55004A1FE2 /* blackArrow@2x.png in Resources */,
				7BA4E5A11464AF55004A1FE2 /* blueArrow.png in Resources */,
				7BA4E5A21464AF55004A1FE2 /* blueArrow@2x.png in Resources */,
				7BA4E5A31464AF55004A1FE2 /* grayArrow.png in Resources */,
				7BA4E5A41464AF55004A1FE2 /* grayArrow@2x.png in Resources */,
				7BA4E5A51464AF55004A1FE2 /* whiteArrow.png in Resources */,
				7BA4E5A61464AF55004A1FE2 /* whiteArrow@2x.png in Resources */,
				7B1189BA1478B94C00B09791 /* hnReader_log.txt in Resources */,
				7BA0B024147C6C690013E4B6 /* HNReader.png in Resources */,
				7BA0B026147C7D860013E4B6 /* HNReader@2x.png in Resources */,
				7BA14D7914B90197002475D4 /* gray_button.png in Resources */,
			);
			runOnlyForDeploymentPostprocessing = 0;
		};
		7B548D8E1463F3F900DE32EB /* Resources */ = {
			isa = PBXResourcesBuildPhase;
			buildActionMask = 2147483647;
			files = (
				7B548D9D1463F3F900DE32EB /* InfoPlist.strings in Resources */,
			);
			runOnlyForDeploymentPostprocessing = 0;
		};
/* End PBXResourcesBuildPhase section */

/* Begin PBXShellScriptBuildPhase section */
		7B548D8F1463F3F900DE32EB /* ShellScript */ = {
			isa = PBXShellScriptBuildPhase;
			buildActionMask = 2147483647;
			files = (
			);
			inputPaths = (
			);
			outputPaths = (
			);
			runOnlyForDeploymentPostprocessing = 0;
			shellPath = /bin/sh;
			shellScript = "# Run the unit tests in this test bundle.\n\"${SYSTEM_DEVELOPER_DIR}/Tools/RunUnitTests\"\n";
		};
/* End PBXShellScriptBuildPhase section */

/* Begin PBXSourcesBuildPhase section */
		7B548D601463F3F900DE32EB /* Sources */ = {
			isa = PBXSourcesBuildPhase;
			buildActionMask = 2147483647;
			files = (
				7B04697E1463FA4D00A728BA /* AFHTTPClient.m in Sources */,
				7B0469801463FA4D00A728BA /* AFHTTPRequestOperation.m in Sources */,
				7B0469821463FA4D00A728BA /* AFImageCache.m in Sources */,
				7B0469841463FA4D00A728BA /* AFImageRequestOperation.m in Sources */,
				7B0469861463FA4D00A728BA /* AFJSONRequestOperation.m in Sources */,
				7B0469881463FA4D00A728BA /* AFNetworkActivityIndicatorManager.m in Sources */,
				7B04698B1463FA4D00A728BA /* AFPropertyListRequestOperation.m in Sources */,
				7B04698D1463FA4D00A728BA /* AFURLConnectionOperation.m in Sources */,
				7B04698F1463FA4D00A728BA /* AFXMLRequestOperation.m in Sources */,
				7B0469911463FA4D00A728BA /* UIImageView+AFNetworking.m in Sources */,
				7B548DF81463F4C600DE32EB /* JSONKit.m in Sources */,
				7B548D751463F3F900DE32EB /* main.m in Sources */,
				7B548D791463F3F900DE32EB /* AppDelegate.m in Sources */,
				7B548D7C1463F3F900DE32EB /* MasterViewController.m in Sources */,
				7B548D7F1463F3F900DE32EB /* DetailViewController.m in Sources */,
				7B548DFB1463F56200DE32EB /* StoryFetcher.m in Sources */,
				7B548DFE1463F56F00DE32EB /* Story.m in Sources */,
				7BA4E59E1464AF55004A1FE2 /* EGORefreshTableHeaderView.m in Sources */,
				7BCC4207147A232F001F7A10 /* Comment.m in Sources */,
				7BCC420C147A243F001F7A10 /* CommentFetcher.m in Sources */,
				7BCC4211147A2F9D001F7A10 /* CommentViewController.m in Sources */,
				7BA14D7314B900E0002475D4 /* SDFooterButton.m in Sources */,
			);
			runOnlyForDeploymentPostprocessing = 0;
		};
		7B548D8C1463F3F900DE32EB /* Sources */ = {
			isa = PBXSourcesBuildPhase;
			buildActionMask = 2147483647;
			files = (
				7B548DA01463F3F900DE32EB /* hackerNewsTests.m in Sources */,
			);
			runOnlyForDeploymentPostprocessing = 0;
		};
/* End PBXSourcesBuildPhase section */

/* Begin PBXTargetDependency section */
		7B548D971463F3F900DE32EB /* PBXTargetDependency */ = {
			isa = PBXTargetDependency;
			target = 7B548D631463F3F900DE32EB /* hackerNews */;
			targetProxy = 7B548D961463F3F900DE32EB /* PBXContainerItemProxy */;
		};
/* End PBXTargetDependency section */

/* Begin PBXVariantGroup section */
		7B548D711463F3F900DE32EB /* InfoPlist.strings */ = {
			isa = PBXVariantGroup;
			children = (
				7B548D721463F3F900DE32EB /* en */,
			);
			name = InfoPlist.strings;
			sourceTree = "<group>";
		};
		7B548D9B1463F3F900DE32EB /* InfoPlist.strings */ = {
			isa = PBXVariantGroup;
			children = (
				7B548D9C1463F3F900DE32EB /* en */,
			);
			name = InfoPlist.strings;
			sourceTree = "<group>";
		};
/* End PBXVariantGroup section */

/* Begin XCBuildConfiguration section */
		7B548DA11463F3F900DE32EB /* Debug */ = {
			isa = XCBuildConfiguration;
			buildSettings = {
				ALWAYS_SEARCH_USER_PATHS = NO;
				ARCHS = "$(ARCHS_STANDARD_32_BIT)";
				CLANG_ENABLE_OBJC_ARC = YES;
				"CODE_SIGN_IDENTITY[sdk=iphoneos*]" = "iPhone Developer";
				COPY_PHASE_STRIP = NO;
				GCC_C_LANGUAGE_STANDARD = gnu99;
				GCC_DYNAMIC_NO_PIC = NO;
				GCC_OPTIMIZATION_LEVEL = 0;
				GCC_PREPROCESSOR_DEFINITIONS = (
					"DEBUG=1",
					"$(inherited)",
				);
				GCC_SYMBOLS_PRIVATE_EXTERN = NO;
				GCC_VERSION = com.apple.compilers.llvm.clang.1_0;
				GCC_WARN_ABOUT_MISSING_PROTOTYPES = YES;
				GCC_WARN_ABOUT_RETURN_TYPE = YES;
				GCC_WARN_UNUSED_VARIABLE = YES;
				IPHONEOS_DEPLOYMENT_TARGET = 5.0;
				SDKROOT = iphoneos;
				TARGETED_DEVICE_FAMILY = "1,2";
			};
			name = Debug;
		};
		7B548DA21463F3F900DE32EB /* Release */ = {
			isa = XCBuildConfiguration;
			buildSettings = {
				ALWAYS_SEARCH_USER_PATHS = NO;
				ARCHS = "$(ARCHS_STANDARD_32_BIT)";
				CLANG_ENABLE_OBJC_ARC = YES;
				"CODE_SIGN_IDENTITY[sdk=iphoneos*]" = "iPhone Developer";
				COPY_PHASE_STRIP = YES;
				GCC_C_LANGUAGE_STANDARD = gnu99;
				GCC_VERSION = com.apple.compilers.llvm.clang.1_0;
				GCC_WARN_ABOUT_MISSING_PROTOTYPES = YES;
				GCC_WARN_ABOUT_RETURN_TYPE = YES;
				GCC_WARN_UNUSED_VARIABLE = YES;
				IPHONEOS_DEPLOYMENT_TARGET = 5.0;
				OTHER_CFLAGS = "-DNS_BLOCK_ASSERTIONS=1";
				SDKROOT = iphoneos;
				TARGETED_DEVICE_FAMILY = "1,2";
				VALIDATE_PRODUCT = YES;
			};
			name = Release;
		};
		7B548DA41463F3F900DE32EB /* Debug */ = {
			isa = XCBuildConfiguration;
			buildSettings = {
				CODE_SIGN_IDENTITY = "iPhone Developer: Steve Derico (RGS2F76K98)";
				"CODE_SIGN_IDENTITY[sdk=iphoneos*]" = "iPhone Developer: Steve Derico (RGS2F76K98)";
				GCC_PRECOMPILE_PREFIX_HEADER = YES;
				GCC_PREFIX_HEADER = "hackerNews/hackerNews-Prefix.pch";
				INFOPLIST_FILE = "hackerNews/hackerNews-Info.plist";
				PRODUCT_NAME = "$(TARGET_NAME)";
				PROVISIONING_PROFILE = "E2E4C426-0C72-447A-9EA5-F2DB1524A674";
				"PROVISIONING_PROFILE[sdk=iphoneos*]" = "E2E4C426-0C72-447A-9EA5-F2DB1524A674";
				TARGETED_DEVICE_FAMILY = 1;
				WRAPPER_EXTENSION = app;
			};
			name = Debug;
		};
		7B548DA51463F3F900DE32EB /* Release */ = {
			isa = XCBuildConfiguration;
			buildSettings = {
				CODE_SIGN_IDENTITY = "iPhone Distribution: Stephen Derico";
				"CODE_SIGN_IDENTITY[sdk=iphoneos*]" = "iPhone Distribution: Stephen Derico";
				GCC_PRECOMPILE_PREFIX_HEADER = YES;
				GCC_PREFIX_HEADER = "hackerNews/hackerNews-Prefix.pch";
				INFOPLIST_FILE = "hackerNews/hackerNews-Info.plist";
				PRODUCT_NAME = "$(TARGET_NAME)";
				PROVISIONING_PROFILE = "E14F5003-8C39-42E5-B79A-0DCD781D5F02";
				"PROVISIONING_PROFILE[sdk=iphoneos*]" = "E14F5003-8C39-42E5-B79A-0DCD781D5F02";
				TARGETED_DEVICE_FAMILY = 1;
				WRAPPER_EXTENSION = app;
			};
			name = Release;
		};
		7B548DA71463F3F900DE32EB /* Debug */ = {
			isa = XCBuildConfiguration;
			buildSettings = {
				BUNDLE_LOADER = "$(BUILT_PRODUCTS_DIR)/hackerNews.app/hackerNews";
				FRAMEWORK_SEARCH_PATHS = (
					"$(SDKROOT)/Developer/Library/Frameworks",
					"$(DEVELOPER_LIBRARY_DIR)/Frameworks",
				);
				GCC_PRECOMPILE_PREFIX_HEADER = YES;
				GCC_PREFIX_HEADER = "hackerNews/hackerNews-Prefix.pch";
				INFOPLIST_FILE = "hackerNewsTests/hackerNewsTests-Info.plist";
				PRODUCT_NAME = "$(TARGET_NAME)";
				TEST_HOST = "$(BUNDLE_LOADER)";
				WRAPPER_EXTENSION = octest;
			};
			name = Debug;
		};
		7B548DA81463F3F900DE32EB /* Release */ = {
			isa = XCBuildConfiguration;
			buildSettings = {
				BUNDLE_LOADER = "$(BUILT_PRODUCTS_DIR)/hackerNews.app/hackerNews";
				FRAMEWORK_SEARCH_PATHS = (
					"$(SDKROOT)/Developer/Library/Frameworks",
					"$(DEVELOPER_LIBRARY_DIR)/Frameworks",
				);
				GCC_PRECOMPILE_PREFIX_HEADER = YES;
				GCC_PREFIX_HEADER = "hackerNews/hackerNews-Prefix.pch";
				INFOPLIST_FILE = "hackerNewsTests/hackerNewsTests-Info.plist";
				PRODUCT_NAME = "$(TARGET_NAME)";
				TEST_HOST = "$(BUNDLE_LOADER)";
				WRAPPER_EXTENSION = octest;
			};
			name = Release;
		};
/* End XCBuildConfiguration section */

/* Begin XCConfigurationList section */
		7B548D5E1463F3F900DE32EB /* Build configuration list for PBXProject "hackerNews" */ = {
			isa = XCConfigurationList;
			buildConfigurations = (
				7B548DA11463F3F900DE32EB /* Debug */,
				7B548DA21463F3F900DE32EB /* Release */,
			);
			defaultConfigurationIsVisible = 0;
			defaultConfigurationName = Release;
		};
		7B548DA31463F3F900DE32EB /* Build configuration list for PBXNativeTarget "hackerNews" */ = {
			isa = XCConfigurationList;
			buildConfigurations = (
				7B548DA41463F3F900DE32EB /* Debug */,
				7B548DA51463F3F900DE32EB /* Release */,
			);
			defaultConfigurationIsVisible = 0;
			defaultConfigurationName = Release;
		};
		7B548DA61463F3F900DE32EB /* Build configuration list for PBXNativeTarget "hackerNewsTests" */ = {
			isa = XCConfigurationList;
			buildConfigurations = (
				7B548DA71463F3F900DE32EB /* Debug */,
				7B548DA81463F3F900DE32EB /* Release */,
			);
			defaultConfigurationIsVisible = 0;
			defaultConfigurationName = Release;
		};
/* End XCConfigurationList section */
	};
	rootObject = 7B548D5B1463F3F900DE32EB /* Project object */;
}
